
Microsoft Visual Studio Solution File, Format Version 12.00
# Visual Studio Version 17
VisualStudioVersion = 17.7.34221.43
MinimumVisualStudioVersion = 10.0.40219.1
Project("{FAE04EC0-301F-11D3-BF4B-00C04F79EFBC}") = "Psytest", "Psytest\Psytest.csproj", "{269B9174-A990-4187-9401-9CC959756A63}"
EndProject
Global
	GlobalSection(SolutionConfigurationPlatforms) = preSolution
		Debug|Any CPU = Debug|Any CPU
		Release|Any CPU = Release|Any CPU
	EndGlobalSection
	GlobalSection(ProjectConfigurationPlatforms) = postSolution
		{269B9174-A990-4187-9401-9CC959756A63}.Debug|Any CPU.ActiveCfg = Debug|Any CPU
		{269B9174-A990-4187-9401-9CC959756A63}.Debug|Any CPU.Build.0 = Debug|Any CPU
		{269B9174-A990-4187-9401-9CC959756A63}.Release|Any CPU.ActiveCfg = Release|Any CPU
		{269B9174-A990-4187-9401-9CC959756A63}.Release|Any CPU.Build.0 = Release|Any CPU
	EndGlobalSection
	GlobalSection(SolutionProperties) = preSolution
		HideSolutionNode = FALSE
	EndGlobalSection
	GlobalSection(ExtensibilityGlobals) = postSolution
		SolutionGuid = {9CED88D0-431E-45B6-B596-A3EC9D7AFDD5}
	EndGlobalSection
EndGlobal
